
Microsoft Visual Studio Solution File, Format Version 12.00
# Visual Studio Version 17
VisualStudioVersion = 17.1.32210.238
MinimumVisualStudioVersion = 10.0.40219.1
Project("{FAE04EC0-301F-11D3-BF4B-00C04F79EFBC}") = "SampleTwo", "SampleTwo\SampleTwo.csproj", "{BFE16010-8E4A-4AE1-8FC7-BA7728F76BF8}"
EndProject
Global
	GlobalSection(SolutionConfigurationPlatforms) = preSolution
		Debug|Any CPU = Debug|Any CPU
		Release|Any CPU = Release|Any CPU
	EndGlobalSection
	GlobalSection(ProjectConfigurationPlatforms) = postSolution
		{BFE16010-8E4A-4AE1-8FC7-BA7728F76BF8}.Debug|Any CPU.ActiveCfg = Debug|Any CPU
		{BFE16010-8E4A-4AE1-8FC7-BA7728F76BF8}.Debug|Any CPU.Build.0 = Debug|Any CPU
		{BFE16010-8E4A-4AE1-8FC7-BA7728F76BF8}.Release|Any CPU.ActiveCfg = Release|Any CPU
		{BFE16010-8E4A-4AE1-8FC7-BA7728F76BF8}.Release|Any CPU.Build.0 = Release|Any CPU
	EndGlobalSection
	GlobalSection(SolutionProperties) = preSolution
		HideSolutionNode = FALSE
	EndGlobalSection
	GlobalSection(ExtensibilityGlobals) = postSolution
		SolutionGuid = {F88348E5-B10C-44FC-ABA5-80522FF4507A}
	EndGlobalSection
EndGlobal
